
Microsoft Visual Studio Solution File, Format Version 12.00
# Visual Studio Version 17
VisualStudioVersion = 17.4.33213.308
MinimumVisualStudioVersion = 10.0.40219.1
Project("{FAE04EC0-301F-11D3-BF4B-00C04F79EFBC}") = "Ejercicio2_3.Android", "Ejercicio2_3\Ejercicio2_3.Android\Ejercicio2_3.Android.csproj", "{84750AC7-BCE3-4699-A31A-2F263B74E9FD}"
EndProject
Project("{FAE04EC0-301F-11D3-BF4B-00C04F79EFBC}") = "Ejercicio2_3", "Ejercicio2_3\Ejercicio2_3\Ejercicio2_3.csproj", "{CBF69317-40EC-46F0-B130-9B06E7471C4E}"
EndProject
Global
	GlobalSection(SolutionConfigurationPlatforms) = preSolution
		Debug|Any CPU = Debug|Any CPU
		Release|Any CPU = Release|Any CPU
	EndGlobalSection
	GlobalSection(ProjectConfigurationPlatforms) = postSolution
		{84750AC7-BCE3-4699-A31A-2F263B74E9FD}.Debug|Any CPU.ActiveCfg = Debug|Any CPU
		{84750AC7-BCE3-4699-A31A-2F263B74E9FD}.Debug|Any CPU.Build.0 = Debug|Any CPU
		{84750AC7-BCE3-4699-A31A-2F263B74E9FD}.Debug|Any CPU.Deploy.0 = Debug|Any CPU
		{84750AC7-BCE3-4699-A31A-2F263B74E9FD}.Release|Any CPU.ActiveCfg = Release|Any CPU
		{84750AC7-BCE3-4699-A31A-2F263B74E9FD}.Release|Any CPU.Build.0 = Release|Any CPU
		{84750AC7-BCE3-4699-A31A-2F263B74E9FD}.Release|Any CPU.Deploy.0 = Release|Any CPU
		{CBF69317-40EC-46F0-B130-9B06E7471C4E}.Debug|Any CPU.ActiveCfg = Debug|Any CPU
		{CBF69317-40EC-46F0-B130-9B06E7471C4E}.Debug|Any CPU.Build.0 = Debug|Any CPU
		{CBF69317-40EC-46F0-B130-9B06E7471C4E}.Debug|Any CPU.Deploy.0 = Debug|Any CPU
		{CBF69317-40EC-46F0-B130-9B06E7471C4E}.Release|Any CPU.ActiveCfg = Release|Any CPU
		{CBF69317-40EC-46F0-B130-9B06E7471C4E}.Release|Any CPU.Build.0 = Release|Any CPU
		{CBF69317-40EC-46F0-B130-9B06E7471C4E}.Release|Any CPU.Deploy.0 = Release|Any CPU
	EndGlobalSection
	GlobalSection(SolutionProperties) = preSolution
		HideSolutionNode = FALSE
	EndGlobalSection
	GlobalSection(ExtensibilityGlobals) = postSolution
		SolutionGuid = {ADA9C550-F501-420C-9E6C-15B8B4264FC3}
	EndGlobalSection
EndGlobal
